// !$*UTF8*$!
{
	archiveVersion = 1;
	classes = {
	};
	objectVersion = 46;
	objects = {

/* Begin PBXBuildFile section */
		FC36D3C61EC0887D0083A8A9 /* AppDelegate.swift in Sources */ = {isa = PBXBuildFile; fileRef = FC36D3C51EC0887D0083A8A9 /* AppDelegate.swift */; };
		FC36D3C81EC0887D0083A8A9 /* ViewController.swift in Sources */ = {isa = PBXBuildFile; fileRef = FC36D3C71EC0887D0083A8A9 /* ViewController.swift */; };
		FC36D3CB1EC0887D0083A8A9 /* Main.storyboard in Resources */ = {isa = PBXBuildFile; fileRef = FC36D3C91EC0887D0083A8A9 /* Main.storyboard */; };
		FC36D3CD1EC0887D0083A8A9 /* Assets.xcassets in Resources */ = {isa = PBXBuildFile; fileRef = FC36D3CC1EC0887D0083A8A9 /* Assets.xcassets */; };
		FC36D3D01EC0887D0083A8A9 /* LaunchScreen.storyboard in Resources */ = {isa = PBXBuildFile; fileRef = FC36D3CE1EC0887D0083A8A9 /* LaunchScreen.storyboard */; };
		FC36D3DB1EC0887D0083A8A9 /* TruelayerDemoTests.swift in Sources */ = {isa = PBXBuildFile; fileRef = FC36D3DA1EC0887D0083A8A9 /* TruelayerDemoTests.swift */; };
		FC36D3E61EC0887D0083A8A9 /* TruelayerDemoUITests.swift in Sources */ = {isa = PBXBuildFile; fileRef = FC36D3E51EC0887D0083A8A9 /* TruelayerDemoUITests.swift */; };
/* End PBXBuildFile section */

/* Begin PBXContainerItemProxy section */
		FC36D3D71EC0887D0083A8A9 /* PBXContainerItemProxy */ = {
			isa = PBXContainerItemProxy;
			containerPortal = FC36D3BA1EC0887D0083A8A9 /* Project object */;
			proxyType = 1;
			remoteGlobalIDString = FC36D3C11EC0887D0083A8A9;
			remoteInfo = TruelayerDemo;
		};
		FC36D3E21EC0887D0083A8A9 /* PBXContainerItemProxy */ = {
			isa = PBXContainerItemProxy;
			containerPortal = FC36D3BA1EC0887D0083A8A9 /* Project object */;
			proxyType = 1;
			remoteGlobalIDString = FC36D3C11EC0887D0083A8A9;
			remoteInfo = TruelayerDemo;
		};
/* End PBXContainerItemProxy section */

/* Begin PBXFileReference section */
		FC36D3C21EC0887D0083A8A9 /* TruelayerDemo.app */ = {isa = PBXFileReference; explicitFileType = wrapper.application; includeInIndex = 0; path = TruelayerDemo.app; sourceTree = BUILT_PRODUCTS_DIR; };
		FC36D3C51EC0887D0083A8A9 /* AppDelegate.swift */ = {isa = PBXFileReference; lastKnownFileType = sourcecode.swift; path = AppDelegate.swift; sourceTree = "<group>"; };
		FC36D3C71EC0887D0083A8A9 /* ViewController.swift */ = {isa = PBXFileReference; lastKnownFileType = sourcecode.swift; path = ViewController.swift; sourceTree = "<group>"; };
		FC36D3CA1EC0887D0083A8A9 /* Base */ = {isa = PBXFileReference; lastKnownFileType = file.storyboard; name = Base; path = Base.lproj/Main.storyboard; sourceTree = "<group>"; };
		FC36D3CC1EC0887D0083A8A9 /* Assets.xcassets */ = {isa = PBXFileReference; lastKnownFileType = folder.assetcatalog; path = Assets.xcassets; sourceTree = "<group>"; };
		FC36D3CF1EC0887D0083A8A9 /* Base */ = {isa = PBXFileReference; lastKnownFileType = file.storyboard; name = Base; path = Base.lproj/LaunchScreen.storyboard; sourceTree = "<group>"; };
		FC36D3D11EC0887D0083A8A9 /* Info.plist */ = {isa = PBXFileReference; lastKnownFileType = text.plist.xml; path = Info.plist; sourceTree = "<group>"; };
		FC36D3D61EC0887D0083A8A9 /* TruelayerDemoTests.xctest */ = {isa = PBXFileReference; explicitFileType = wrapper.cfbundle; includeInIndex = 0; path = TruelayerDemoTests.xctest; sourceTree = BUILT_PRODUCTS_DIR; };
		FC36D3DA1EC0887D0083A8A9 /* TruelayerDemoTests.swift */ = {isa = PBXFileReference; lastKnownFileType = sourcecode.swift; path = TruelayerDemoTests.swift; sourceTree = "<group>"; };
		FC36D3DC1EC0887D0083A8A9 /* Info.plist */ = {isa = PBXFileReference; lastKnownFileType = text.plist.xml; path = Info.plist; sourceTree = "<group>"; };
		FC36D3E11EC0887D0083A8A9 /* TruelayerDemoUITests.xctest */ = {isa = PBXFileReference; explicitFileType = wrapper.cfbundle; includeInIndex = 0; path = TruelayerDemoUITests.xctest; sourceTree = BUILT_PRODUCTS_DIR; };
		FC36D3E51EC0887D0083A8A9 /* TruelayerDemoUITests.swift */ = {isa = PBXFileReference; lastKnownFileType = sourcecode.swift; path = TruelayerDemoUITests.swift; sourceTree = "<group>"; };
		FC36D3E71EC0887D0083A8A9 /* Info.plist */ = {isa = PBXFileReference; lastKnownFileType = text.plist.xml; path = Info.plist; sourceTree = "<group>"; };
/* End PBXFileReference section */

/* Begin PBXFrameworksBuildPhase section */
		FC36D3BF1EC0887D0083A8A9 /* Frameworks */ = {
			isa = PBXFrameworksBuildPhase;
			buildActionMask = 2147483647;
			files = (
			);
			runOnlyForDeploymentPostprocessing = 0;
		};
		FC36D3D31EC0887D0083A8A9 /* Frameworks */ = {
			isa = PBXFrameworksBuildPhase;
			buildActionMask = 2147483647;
			files = (
			);
			runOnlyForDeploymentPostprocessing = 0;
		};
		FC36D3DE1EC0887D0083A8A9 /* Frameworks */ = {
			isa = PBXFrameworksBuildPhase;
			buildActionMask = 2147483647;
			files = (
			);
			runOnlyForDeploymentPostprocessing = 0;
		};
/* End PBXFrameworksBuildPhase section */

/* Begin PBXGroup section */
		FC36D3B91EC0887D0083A8A9 = {
			isa = PBXGroup;
			children = (
				FC36D3C41EC0887D0083A8A9 /* TruelayerDemo */,
				FC36D3D91EC0887D0083A8A9 /* TruelayerDemoTests */,
				FC36D3E41EC0887D0083A8A9 /* TruelayerDemoUITests */,
				FC36D3C31EC0887D0083A8A9 /* Products */,
			);
			sourceTree = "<group>";
		};
		FC36D3C31EC0887D0083A8A9 /* Products */ = {
			isa = PBXGroup;
			children = (
				FC36D3C21EC0887D0083A8A9 /* TruelayerDemo.app */,
				FC36D3D61EC0887D0083A8A9 /* TruelayerDemoTests.xctest */,
				FC36D3E11EC0887D0083A8A9 /* TruelayerDemoUITests.xctest */,
			);
			name = Products;
			sourceTree = "<group>";
		};
		FC36D3C41EC0887D0083A8A9 /* TruelayerDemo */ = {
			isa = PBXGroup;
			children = (
				FC36D3C51EC0887D0083A8A9 /* AppDelegate.swift */,
				FC36D3C71EC0887D0083A8A9 /* ViewController.swift */,
				FC36D3C91EC0887D0083A8A9 /* Main.storyboard */,
				FC36D3CC1EC0887D0083A8A9 /* Assets.xcassets */,
				FC36D3CE1EC0887D0083A8A9 /* LaunchScreen.storyboard */,
				FC36D3D11EC0887D0083A8A9 /* Info.plist */,
			);
			path = TruelayerDemo;
			sourceTree = "<group>";
		};
		FC36D3D91EC0887D0083A8A9 /* TruelayerDemoTests */ = {
			isa = PBXGroup;
			children = (
				FC36D3DA1EC0887D0083A8A9 /* TruelayerDemoTests.swift */,
				FC36D3DC1EC0887D0083A8A9 /* Info.plist */,
			);
			path = TruelayerDemoTests;
			sourceTree = "<group>";
		};
		FC36D3E41EC0887D0083A8A9 /* TruelayerDemoUITests */ = {
			isa = PBXGroup;
			children = (
				FC36D3E51EC0887D0083A8A9 /* TruelayerDemoUITests.swift */,
				FC36D3E71EC0887D0083A8A9 /* Info.plist */,
			);
			path = TruelayerDemoUITests;
			sourceTree = "<group>";
		};
/* End PBXGroup section */

/* Begin PBXNativeTarget section */
		FC36D3C11EC0887D0083A8A9 /* TruelayerDemo */ = {
			isa = PBXNativeTarget;
			buildConfigurationList = FC36D3EA1EC0887D0083A8A9 /* Build configuration list for PBXNativeTarget "TruelayerDemo" */;
			buildPhases = (
				FC36D3BE1EC0887D0083A8A9 /* Sources */,
				FC36D3BF1EC0887D0083A8A9 /* Frameworks */,
				FC36D3C01EC0887D0083A8A9 /* Resources */,
			);
			buildRules = (
			);
			dependencies = (
			);
			name = TruelayerDemo;
			productName = TruelayerDemo;
			productReference = FC36D3C21EC0887D0083A8A9 /* TruelayerDemo.app */;
			productType = "com.apple.product-type.application";
		};
		FC36D3D51EC0887D0083A8A9 /* TruelayerDemoTests */ = {
			isa = PBXNativeTarget;
			buildConfigurationList = FC36D3ED1EC0887D0083A8A9 /* Build configuration list for PBXNativeTarget "TruelayerDemoTests" */;
			buildPhases = (
				FC36D3D21EC0887D0083A8A9 /* Sources */,
				FC36D3D31EC0887D0083A8A9 /* Frameworks */,
				FC36D3D41EC0887D0083A8A9 /* Resources */,
			);
			buildRules = (
			);
			dependencies = (
				FC36D3D81EC0887D0083A8A9 /* PBXTargetDependency */,
			);
			name = TruelayerDemoTests;
			productName = TruelayerDemoTests;
			productReference = FC36D3D61EC0887D0083A8A9 /* TruelayerDemoTests.xctest */;
			productType = "com.apple.product-type.bundle.unit-test";
		};
		FC36D3E01EC0887D0083A8A9 /* TruelayerDemoUITests */ = {
			isa = PBXNativeTarget;
			buildConfigurationList = FC36D3F01EC0887D0083A8A9 /* Build configuration list for PBXNativeTarget "TruelayerDemoUITests" */;
			buildPhases = (
				FC36D3DD1EC0887D0083A8A9 /* Sources */,
				FC36D3DE1EC0887D0083A8A9 /* Frameworks */,
				FC36D3DF1EC0887D0083A8A9 /* Resources */,
			);
			buildRules = (
			);
			dependencies = (
				FC36D3E31EC0887D0083A8A9 /* PBXTargetDependency */,
			);
			name = TruelayerDemoUITests;
			productName = TruelayerDemoUITests;
			productReference = FC36D3E11EC0887D0083A8A9 /* TruelayerDemoUITests.xctest */;
			productType = "com.apple.product-type.bundle.ui-testing";
		};
/* End PBXNativeTarget section */

/* Begin PBXProject section */
		FC36D3BA1EC0887D0083A8A9 /* Project object */ = {
			isa = PBXProject;
			attributes = {
				LastSwiftUpdateCheck = 0830;
				LastUpgradeCheck = 0830;
				ORGANIZATIONNAME = "Simone D'Amico";
				TargetAttributes = {
					FC36D3C11EC0887D0083A8A9 = {
						CreatedOnToolsVersion = 8.3.2;
						ProvisioningStyle = Automatic;
					};
					FC36D3D51EC0887D0083A8A9 = {
						CreatedOnToolsVersion = 8.3.2;
						ProvisioningStyle = Automatic;
						TestTargetID = FC36D3C11EC0887D0083A8A9;
					};
					FC36D3E01EC0887D0083A8A9 = {
						CreatedOnToolsVersion = 8.3.2;
						ProvisioningStyle = Automatic;
						TestTargetID = FC36D3C11EC0887D0083A8A9;
					};
				};
			};
			buildConfigurationList = FC36D3BD1EC0887D0083A8A9 /* Build configuration list for PBXProject "TruelayerDemo" */;
			compatibilityVersion = "Xcode 3.2";
			developmentRegion = English;
			hasScannedForEncodings = 0;
			knownRegions = (
				en,
				Base,
			);
			mainGroup = FC36D3B91EC0887D0083A8A9;
			productRefGroup = FC36D3C31EC0887D0083A8A9 /* Products */;
			projectDirPath = "";
			projectRoot = "";
			targets = (
				FC36D3C11EC0887D0083A8A9 /* TruelayerDemo */,
				FC36D3D51EC0887D0083A8A9 /* TruelayerDemoTests */,
				FC36D3E01EC0887D0083A8A9 /* TruelayerDemoUITests */,
			);
		};
/* End PBXProject section */

/* Begin PBXResourcesBuildPhase section */
		FC36D3C01EC0887D0083A8A9 /* Resources */ = {
			isa = PBXResourcesBuildPhase;
			buildActionMask = 2147483647;
			files = (
				FC36D3D01EC0887D0083A8A9 /* LaunchScreen.storyboard in Resources */,
				FC36D3CD1EC0887D0083A8A9 /* Assets.xcassets in Resources */,
				FC36D3CB1EC0887D0083A8A9 /* Main.storyboard in Resources */,
			);
			runOnlyForDeploymentPostprocessing = 0;
		};
		FC36D3D41EC0887D0083A8A9 /* Resources */ = {
			isa = PBXResourcesBuildPhase;
			buildActionMask = 2147483647;
			files = (
			);
			runOnlyForDeploymentPostprocessing = 0;
		};
		FC36D3DF1EC0887D0083A8A9 /* Resources */ = {
			isa = PBXResourcesBuildPhase;
			buildActionMask = 2147483647;
			files = (
			);
			runOnlyForDeploymentPostprocessing = 0;
		};
/* End PBXResourcesBuildPhase section */

/* Begin PBXSourcesBuildPhase section */
		FC36D3BE1EC0887D0083A8A9 /* Sources */ = {
			isa = PBXSourcesBuildPhase;
			buildActionMask = 2147483647;
			files = (
				FC36D3C81EC0887D0083A8A9 /* ViewController.swift in Sources */,
				FC36D3C61EC0887D0083A8A9 /* AppDelegate.swift in Sources */,
			);
			runOnlyForDeploymentPostprocessing = 0;
		};
		FC36D3D21EC0887D0083A8A9 /* Sources */ = {
			isa = PBXSourcesBuildPhase;
			buildActionMask = 2147483647;
			files = (
				FC36D3DB1EC0887D0083A8A9 /* TruelayerDemoTests.swift in Sources */,
			);
			runOnlyForDeploymentPostprocessing = 0;
		};
		FC36D3DD1EC0887D0083A8A9 /* Sources */ = {
			isa = PBXSourcesBuildPhase;
			buildActionMask = 2147483647;
			files = (
				FC36D3E61EC0887D0083A8A9 /* TruelayerDemoUITests.swift in Sources */,
			);
			runOnlyForDeploymentPostprocessing = 0;
		};
/* End PBXSourcesBuildPhase section */

/* Begin PBXTargetDependency section */
		FC36D3D81EC0887D0083A8A9 /* PBXTargetDependency */ = {
			isa = PBXTargetDependency;
			target = FC36D3C11EC0887D0083A8A9 /* TruelayerDemo */;
			targetProxy = FC36D3D71EC0887D0083A8A9 /* PBXContainerItemProxy */;
		};
		FC36D3E31EC0887D0083A8A9 /* PBXTargetDependency */ = {
			isa = PBXTargetDependency;
			target = FC36D3C11EC0887D0083A8A9 /* TruelayerDemo */;
			targetProxy = FC36D3E21EC0887D0083A8A9 /* PBXContainerItemProxy */;
		};
/* End PBXTargetDependency section */

/* Begin PBXVariantGroup section */
		FC36D3C91EC0887D0083A8A9 /* Main.storyboard */ = {
			isa = PBXVariantGroup;
			children = (
				FC36D3CA1EC0887D0083A8A9 /* Base */,
			);
			name = Main.storyboard;
			sourceTree = "<group>";
		};
		FC36D3CE1EC0887D0083A8A9 /* LaunchScreen.storyboard */ = {
			isa = PBXVariantGroup;
			children = (
				FC36D3CF1EC0887D0083A8A9 /* Base */,
			);
			name = LaunchScreen.storyboard;
			sourceTree = "<group>";
		};
/* End PBXVariantGroup section */

/* Begin XCBuildConfiguration section */
		FC36D3E81EC0887D0083A8A9 /* Debug */ = {
			isa = XCBuildConfiguration;
			buildSettings = {
				ALWAYS_SEARCH_USER_PATHS = NO;
				CLANG_ANALYZER_NONNULL = YES;
				CLANG_ANALYZER_NUMBER_OBJECT_CONVERSION = YES_AGGRESSIVE;
				CLANG_CXX_LANGUAGE_STANDARD = "gnu++0x";
				CLANG_CXX_LIBRARY = "libc++";
				CLANG_ENABLE_MODULES = YES;
				CLANG_ENABLE_OBJC_ARC = YES;
				CLANG_WARN_BOOL_CONVERSION = YES;
				CLANG_WARN_CONSTANT_CONVERSION = YES;
				CLANG_WARN_DIRECT_OBJC_ISA_USAGE = YES_ERROR;
				CLANG_WARN_DOCUMENTATION_COMMENTS = YES;
				CLANG_WARN_EMPTY_BODY = YES;
				CLANG_WARN_ENUM_CONVERSION = YES;
				CLANG_WARN_INFINITE_RECURSION = YES;
				CLANG_WARN_INT_CONVERSION = YES;
				CLANG_WARN_OBJC_ROOT_CLASS = YES_ERROR;
				CLANG_WARN_SUSPICIOUS_MOVE = YES;
				CLANG_WARN_UNREACHABLE_CODE = YES;
				CLANG_WARN__DUPLICATE_METHOD_MATCH = YES;
				"CODE_SIGN_IDENTITY[sdk=iphoneos*]" = "iPhone Developer";
				COPY_PHASE_STRIP = NO;
				DEBUG_INFORMATION_FORMAT = dwarf;
				ENABLE_STRICT_OBJC_MSGSEND = YES;
				ENABLE_TESTABILITY = YES;
				GCC_C_LANGUAGE_STANDARD = gnu99;
				GCC_DYNAMIC_NO_PIC = NO;
				GCC_NO_COMMON_BLOCKS = YES;
				GCC_OPTIMIZATION_LEVEL = 0;
				GCC_PREPROCESSOR_DEFINITIONS = (
					"DEBUG=1",
					"$(inherited)",
				);
				GCC_WARN_64_TO_32_BIT_CONVERSION = YES;
				GCC_WARN_ABOUT_RETURN_TYPE = YES_ERROR;
				GCC_WARN_UNDECLARED_SELECTOR = YES;
				GCC_WARN_UNINITIALIZED_AUTOS = YES_AGGRESSIVE;
				GCC_WARN_UNUSED_FUNCTION = YES;
				GCC_WARN_UNUSED_VARIABLE = YES;
				IPHONEOS_DEPLOYMENT_TARGET = 10.3;
				MTL_ENABLE_DEBUG_INFO = YES;
				ONLY_ACTIVE_ARCH = YES;
				SDKROOT = iphoneos;
				SWIFT_ACTIVE_COMPILATION_CONDITIONS = DEBUG;
				SWIFT_OPTIMIZATION_LEVEL = "-Onone";
				TARGETED_DEVICE_FAMILY = "1,2";
			};
			name = Debug;
		};
		FC36D3E91EC0887D0083A8A9 /* Release */ = {
			isa = XCBuildConfiguration;
			buildSettings = {
				ALWAYS_SEARCH_USER_PATHS = NO;
				CLANG_ANALYZER_NONNULL = YES;
				CLANG_ANALYZER_NUMBER_OBJECT_CONVERSION = YES_AGGRESSIVE;
				CLANG_CXX_LANGUAGE_STANDARD = "gnu++0x";
				CLANG_CXX_LIBRARY = "libc++";
				CLANG_ENABLE_MODULES = YES;
				CLANG_ENABLE_OBJC_ARC = YES;
				CLANG_WARN_BOOL_CONVERSION = YES;
				CLANG_WARN_CONSTANT_CONVERSION = YES;
				CLANG_WARN_DIRECT_OBJC_ISA_USAGE = YES_ERROR;
				CLANG_WARN_DOCUMENTATION_COMMENTS = YES;
				CLANG_WARN_EMPTY_BODY = YES;
				CLANG_WARN_ENUM_CONVERSION = YES;
				CLANG_WARN_INFINITE_RECURSION = YES;
				CLANG_WARN_INT_CONVERSION = YES;
				CLANG_WARN_OBJC_ROOT_CLASS = YES_ERROR;
				CLANG_WARN_SUSPICIOUS_MOVE = YES;
				CLANG_WARN_UNREACHABLE_CODE = YES;
				CLANG_WARN__DUPLICATE_METHOD_MATCH = YES;
				"CODE_SIGN_IDENTITY[sdk=iphoneos*]" = "iPhone Developer";
				COPY_PHASE_STRIP = NO;
				DEBUG_INFORMATION_FORMAT = "dwarf-with-dsym";
				ENABLE_NS_ASSERTIONS = NO;
				ENABLE_STRICT_OBJC_MSGSEND = YES;
				GCC_C_LANGUAGE_STANDARD = gnu99;
				GCC_NO_COMMON_BLOCKS = YES;
				GCC_WARN_64_TO_32_BIT_CONVERSION = YES;
				GCC_WARN_ABOUT_RETURN_TYPE = YES_ERROR;
				GCC_WARN_UNDECLARED_SELECTOR = YES;
				GCC_WARN_UNINITIALIZED_AUTOS = YES_AGGRESSIVE;
				GCC_WARN_UNUSED_FUNCTION = YES;
				GCC_WARN_UNUSED_VARIABLE = YES;
				IPHONEOS_DEPLOYMENT_TARGET = 10.3;
				MTL_ENABLE_DEBUG_INFO = NO;
				SDKROOT = iphoneos;
				SWIFT_OPTIMIZATION_LEVEL = "-Owholemodule";
				TARGETED_DEVICE_FAMILY = "1,2";
				VALIDATE_PRODUCT = YES;
			};
			name = Release;
		};
		FC36D3EB1EC0887D0083A8A9 /* Debug */ = {
			isa = XCBuildConfiguration;
			buildSettings = {
				ASSETCATALOG_COMPILER_APPICON_NAME = AppIcon;
				INFOPLIST_FILE = TruelayerDemo/Info.plist;
				LD_RUNPATH_SEARCH_PATHS = "$(inherited) @executable_path/Frameworks";
				PRODUCT_BUNDLE_IDENTIFIER = com.truelayer.TruelayerDemo;
				PRODUCT_NAME = "$(TARGET_NAME)";
				SWIFT_VERSION = 3.0;
			};
			name = Debug;
		};
		FC36D3EC1EC0887D0083A8A9 /* Release */ = {
			isa = XCBuildConfiguration;
			buildSettings = {
				ASSETCATALOG_COMPILER_APPICON_NAME = AppIcon;
				INFOPLIST_FILE = TruelayerDemo/Info.plist;
				LD_RUNPATH_SEARCH_PATHS = "$(inherited) @executable_path/Frameworks";
				PRODUCT_BUNDLE_IDENTIFIER = com.truelayer.TruelayerDemo;
				PRODUCT_NAME = "$(TARGET_NAME)";
				SWIFT_VERSION = 3.0;
			};
			name = Release;
		};
		FC36D3EE1EC0887D0083A8A9 /* Debug */ = {
			isa = XCBuildConfiguration;
			buildSettings = {
				ALWAYS_EMBED_SWIFT_STANDARD_LIBRARIES = YES;
				BUNDLE_LOADER = "$(TEST_HOST)";
				INFOPLIST_FILE = TruelayerDemoTests/Info.plist;
				LD_RUNPATH_SEARCH_PATHS = "$(inherited) @executable_path/Frameworks @loader_path/Frameworks";
				PRODUCT_BUNDLE_IDENTIFIER = com.truelayer.TruelayerDemoTests;
				PRODUCT_NAME = "$(TARGET_NAME)";
				SWIFT_VERSION = 3.0;
				TEST_HOST = "$(BUILT_PRODUCTS_DIR)/TruelayerDemo.app/TruelayerDemo";
			};
			name = Debug;
		};
		FC36D3EF1EC0887D0083A8A9 /* Release */ = {
			isa = XCBuildConfiguration;
			buildSettings = {
				ALWAYS_EMBED_SWIFT_STANDARD_LIBRARIES = YES;
				BUNDLE_LOADER = "$(TEST_HOST)";
				INFOPLIST_FILE = TruelayerDemoTests/Info.plist;
				LD_RUNPATH_SEARCH_PATHS = "$(inherited) @executable_path/Frameworks @loader_path/Frameworks";
				PRODUCT_BUNDLE_IDENTIFIER = com.truelayer.TruelayerDemoTests;
				PRODUCT_NAME = "$(TARGET_NAME)";
				SWIFT_VERSION = 3.0;
				TEST_HOST = "$(BUILT_PRODUCTS_DIR)/TruelayerDemo.app/TruelayerDemo";
			};
			name = Release;
		};
		FC36D3F11EC0887D0083A8A9 /* Debug */ = {
			isa = XCBuildConfiguration;
			buildSettings = {
				ALWAYS_EMBED_SWIFT_STANDARD_LIBRARIES = YES;
				INFOPLIST_FILE = TruelayerDemoUITests/Info.plist;
				LD_RUNPATH_SEARCH_PATHS = "$(inherited) @executable_path/Frameworks @loader_path/Frameworks";
				PRODUCT_BUNDLE_IDENTIFIER = com.truelayer.TruelayerDemoUITests;
				PRODUCT_NAME = "$(TARGET_NAME)";
				SWIFT_VERSION = 3.0;
				TEST_TARGET_NAME = TruelayerDemo;
			};
			name = Debug;
		};
		FC36D3F21EC0887D0083A8A9 /* Release */ = {
			isa = XCBuildConfiguration;
			buildSettings = {
				ALWAYS_EMBED_SWIFT_STANDARD_LIBRARIES = YES;
				INFOPLIST_FILE = TruelayerDemoUITests/Info.plist;
				LD_RUNPATH_SEARCH_PATHS = "$(inherited) @executable_path/Frameworks @loader_path/Frameworks";
				PRODUCT_BUNDLE_IDENTIFIER = com.truelayer.TruelayerDemoUITests;
				PRODUCT_NAME = "$(TARGET_NAME)";
				SWIFT_VERSION = 3.0;
				TEST_TARGET_NAME = TruelayerDemo;
			};
			name = Release;
		};
/* End XCBuildConfiguration section */

/* Begin XCConfigurationList section */
		FC36D3BD1EC0887D0083A8A9 /* Build configuration list for PBXProject "TruelayerDemo" */ = {
			isa = XCConfigurationList;
			buildConfigurations = (
				FC36D3E81EC0887D0083A8A9 /* Debug */,
				FC36D3E91EC0887D0083A8A9 /* Release */,
			);
			defaultConfigurationIsVisible = 0;
			defaultConfigurationName = Release;
		};
		FC36D3EA1EC0887D0083A8A9 /* Build configuration list for PBXNativeTarget "TruelayerDemo" */ = {
			isa = XCConfigurationList;
			buildConfigurations = (
				FC36D3EB1EC0887D0083A8A9 /* Debug */,
				FC36D3EC1EC0887D0083A8A9 /* Release */,
			);
			defaultConfigurationIsVisible = 0;
		};
		FC36D3ED1EC0887D0083A8A9 /* Build configuration list for PBXNativeTarget "TruelayerDemoTests" */ = {
			isa = XCConfigurationList;
			buildConfigurations = (
				FC36D3EE1EC0887D0083A8A9 /* Debug */,
				FC36D3EF1EC0887D0083A8A9 /* Release */,
			);
			defaultConfigurationIsVisible = 0;
		};
		FC36D3F01EC0887D0083A8A9 /* Build configuration list for PBXNativeTarget "TruelayerDemoUITests" */ = {
			isa = XCConfigurationList;
			buildConfigurations = (
				FC36D3F11EC0887D0083A8A9 /* Debug */,
				FC36D3F21EC0887D0083A8A9 /* Release */,
			);
			defaultConfigurationIsVisible = 0;
		};
/* End XCConfigurationList section */
	};
	rootObject = FC36D3BA1EC0887D0083A8A9 /* Project object */;
}
